{
  "version": 4,
  "terraform_version": "0.14.8",
  "serial": 57,
  "lineage": "7613fe16-f38d-f18e-9e8b-b3494e1214e4",
  "outputs": {},
  "resources": [
    {
      "module": "module.NetworkSecurityGroup",
      "mode": "managed",
      "type": "azurerm_network_security_group",
      "name": "nsg",
      "provider": "provider[\"registry.terraform.io/hashicorp/azurerm\"]",
      "instances": [
        {
          "schema_version": 0,
          "attributes": {
            "id": "/subscriptions/c13f7055-4dae-433c-8117-264e49fb80f5/resourceGroups/MK_RG/providers/Microsoft.Network/networkSecurityGroups/mk_nsg",
            "location": "westeurope",
            "name": "mk_nsg",
            "resource_group_name": "MK_RG",
            "security_rule": [
              {
                "access": "Allow",
                "description": "",
                "destination_address_prefix": "*",
                "destination_address_prefixes": [],
                "destination_application_security_group_ids": [],
                "destination_port_range": "3389",
                "destination_port_ranges": [],
                "direction": "Inbound",
                "name": "rdp",
                "priority": 2000,
                "protocol": "Tcp",
                "source_address_prefix": "*",
                "source_address_prefixes": [],
                "source_application_security_group_ids": [],
                "source_port_range": "*",
                "source_port_ranges": []
              },
              {
                "access": "Allow",
                "description": "Allow Azure Load Balancer inbound traffic",
                "destination_address_prefix": "10.31.1.0/24",
                "destination_address_prefixes": [],
                "destination_application_security_group_ids": [],
                "destination_port_range": "*",
                "destination_port_ranges": [],
                "direction": "Inbound",
                "name": "Microsoft.Sql-managedInstances_UseOnly_mi-healthprobe-in-10-31-1-0-24-v10",
                "priority": 103,
                "protocol": "*",
                "source_address_prefix": "AzureLoadBalancer",
                "source_address_prefixes": [],
                "source_application_security_group_ids": [],
                "source_port_range": "*",
                "source_port_ranges": []
              },
              {
                "access": "Allow",
                "description": "Allow MI Supportability through Corpnet ranges",
                "destination_address_prefix": "10.31.1.0/24",
                "destination_address_prefixes": [],
                "destination_application_security_group_ids": [],
                "destination_port_range": "",
                "destination_port_ranges": [
                  "9000",
                  "9003"
                ],
                "direction": "Inbound",
                "name": "Microsoft.Sql-managedInstances_UseOnly_mi-corppublic-in-10-31-1-0-24-v10",
                "priority": 102,
                "protocol": "Tcp",
                "source_address_prefix": "CorpNetPublic",
                "source_address_prefixes": [],
                "source_application_security_group_ids": [],
                "source_port_range": "*",
                "source_port_ranges": []
              },
              {
                "access": "Allow",
                "description": "Allow MI Supportability",
                "destination_address_prefix": "10.31.1.0/24",
                "destination_address_prefixes": [],
                "destination_application_security_group_ids": [],
                "destination_port_range": "",
                "destination_port_ranges": [
                  "1440",
                  "9000",
                  "9003"
                ],
                "direction": "Inbound",
                "name": "Microsoft.Sql-managedInstances_UseOnly_mi-corpsaw-in-10-31-1-0-24-v10",
                "priority": 101,
                "protocol": "Tcp",
                "source_address_prefix": "CorpNetSaw",
                "source_address_prefixes": [],
                "source_application_security_group_ids": [],
                "source_port_range": "*",
                "source_port_ranges": []
              },
              {
                "access": "Allow",
                "description": "Allow MI internal inbound traffic",
                "destination_address_prefix": "10.31.1.0/24",
                "destination_address_prefixes": [],
                "destination_application_security_group_ids": [],
                "destination_port_range": "*",
                "destination_port_ranges": [],
                "direction": "Inbound",
                "name": "Microsoft.Sql-managedInstances_UseOnly_mi-internal-in-10-31-1-0-24-v10",
                "priority": 104,
                "protocol": "*",
                "source_address_prefix": "10.31.1.0/24",
                "source_address_prefixes": [],
                "source_application_security_group_ids": [],
                "source_port_range": "*",
                "source_port_ranges": []
              },
              {
                "access": "Allow",
                "description": "Allow MI internal outbound traffic",
                "destination_address_prefix": "10.31.1.0/24",
                "destination_address_prefixes": [],
                "destination_application_security_group_ids": [],
                "destination_port_range": "*",
                "destination_port_ranges": [],
                "direction": "Outbound",
                "name": "Microsoft.Sql-managedInstances_UseOnly_mi-internal-out-10-31-1-0-24-v10",
                "priority": 101,
                "protocol": "*",
                "source_address_prefix": "10.31.1.0/24",
                "source_address_prefixes": [],
                "source_application_security_group_ids": [],
                "source_port_range": "*",
                "source_port_ranges": []
              },
              {
                "access": "Allow",
                "description": "Allow MI provisioning Control Plane Deployment and Authentication Service",
                "destination_address_prefix": "10.31.1.0/24",
                "destination_address_prefixes": [],
                "destination_application_security_group_ids": [],
                "destination_port_range": "",
                "destination_port_ranges": [
                  "1438",
                  "1440",
                  "1452",
                  "9000",
                  "9003"
                ],
                "direction": "Inbound",
                "name": "Microsoft.Sql-managedInstances_UseOnly_mi-sqlmgmt-in-10-31-1-0-24-v10",
                "priority": 100,
                "protocol": "Tcp",
                "source_address_prefix": "SqlManagement",
                "source_address_prefixes": [],
                "source_application_security_group_ids": [],
                "source_port_range": "*",
                "source_port_ranges": []
              },
              {
                "access": "Allow",
                "description": "Allow MI services outbound traffic over https",
                "destination_address_prefix": "AzureCloud",
                "destination_address_prefixes": [],
                "destination_application_security_group_ids": [],
                "destination_port_range": "",
                "destination_port_ranges": [
                  "12000",
                  "443"
                ],
                "direction": "Outbound",
                "name": "Microsoft.Sql-managedInstances_UseOnly_mi-services-out-10-31-1-0-24-v10",
                "priority": 100,
                "protocol": "Tcp",
                "source_address_prefix": "10.31.1.0/24",
                "source_address_prefixes": [],
                "source_application_security_group_ids": [],
                "source_port_range": "*",
                "source_port_ranges": []
              }
            ],
            "tags": {},
            "timeouts": null
          },
          "sensitive_attributes": [],
          "private": "eyJlMmJmYjczMC1lY2FhLTExZTYtOGY4OC0zNDM2M2JjN2M0YzAiOnsiY3JlYXRlIjoxODAwMDAwMDAwMDAwLCJkZWxldGUiOjE4MDAwMDAwMDAwMDAsInJlYWQiOjMwMDAwMDAwMDAwMCwidXBkYXRlIjoxODAwMDAwMDAwMDAwfX0=",
          "dependencies": [
            "module.resourcegroup.azurerm_resource_group.rg"
          ]
        }
      ]
    },
    {
      "module": "module.resourcegroup",
      "mode": "managed",
      "type": "azurerm_resource_group",
      "name": "rg",
      "provider": "provider[\"registry.terraform.io/hashicorp/azurerm\"]",
      "instances": [
        {
          "schema_version": 0,
          "attributes": {
            "id": "/subscriptions/c13f7055-4dae-433c-8117-264e49fb80f5/resourceGroups/MK_RG",
            "location": "westeurope",
            "name": "MK_RG",
            "tags": {
              "deployed_by": "terraform",
              "environment": "poc"
            },
            "timeouts": null
          },
          "sensitive_attributes": [],
          "private": "eyJlMmJmYjczMC1lY2FhLTExZTYtOGY4OC0zNDM2M2JjN2M0YzAiOnsiY3JlYXRlIjo1NDAwMDAwMDAwMDAwLCJkZWxldGUiOjU0MDAwMDAwMDAwMDAsInJlYWQiOjMwMDAwMDAwMDAwMCwidXBkYXRlIjo1NDAwMDAwMDAwMDAwfX0="
        }
      ]
    },
    {
      "module": "module.routetable",
      "mode": "managed",
      "type": "azurerm_route_table",
      "name": "mkrt",
      "provider": "provider[\"registry.terraform.io/hashicorp/azurerm\"]",
      "instances": [
        {
          "schema_version": 0,
          "attributes": {
            "disable_bgp_route_propagation": false,
            "id": "/subscriptions/c13f7055-4dae-433c-8117-264e49fb80f5/resourceGroups/MK_RG/providers/Microsoft.Network/routeTables/mkrt",
            "location": "westeurope",
            "name": "mkrt",
            "resource_group_name": "MK_RG",
            "route": [
              {
                "address_prefix": "10.31.1.0/24",
                "name": "Microsoft.Sql-managedInstances_UseOnly_subnet-10-31-1-0-24-to-vnetlocal",
                "next_hop_in_ip_address": "",
                "next_hop_type": "VnetLocal"
              },
              {
                "address_prefix": "AzureActiveDirectory",
                "name": "Microsoft.Sql-managedInstances_UseOnly_mi-AzureActiveDirectory",
                "next_hop_in_ip_address": "",
                "next_hop_type": "Internet"
              },
              {
                "address_prefix": "AzureCloud.northeurope",
                "name": "Microsoft.Sql-managedInstances_UseOnly_mi-AzureCloud.northeurope",
                "next_hop_in_ip_address": "",
                "next_hop_type": "Internet"
              },
              {
                "address_prefix": "AzureCloud.westeurope",
                "name": "Microsoft.Sql-managedInstances_UseOnly_mi-AzureCloud.westeurope",
                "next_hop_in_ip_address": "",
                "next_hop_type": "Internet"
              },
              {
                "address_prefix": "AzureMonitor",
                "name": "Microsoft.Sql-managedInstances_UseOnly_mi-AzureMonitor",
                "next_hop_in_ip_address": "",
                "next_hop_type": "Internet"
              },
              {
                "address_prefix": "CorpNetPublic",
                "name": "Microsoft.Sql-managedInstances_UseOnly_mi-CorpNetPublic",
                "next_hop_in_ip_address": "",
                "next_hop_type": "Internet"
              },
              {
                "address_prefix": "CorpNetSaw",
                "name": "Microsoft.Sql-managedInstances_UseOnly_mi-CorpNetSaw",
                "next_hop_in_ip_address": "",
                "next_hop_type": "Internet"
              },
              {
                "address_prefix": "EventHub.northeurope",
                "name": "Microsoft.Sql-managedInstances_UseOnly_mi-EventHub.northeurope",
                "next_hop_in_ip_address": "",
                "next_hop_type": "Internet"
              },
              {
                "address_prefix": "EventHub.westeurope",
                "name": "Microsoft.Sql-managedInstances_UseOnly_mi-EventHub.westeurope",
                "next_hop_in_ip_address": "",
                "next_hop_type": "Internet"
              },
              {
                "address_prefix": "SqlManagement",
                "name": "Microsoft.Sql-managedInstances_UseOnly_mi-SqlManagement",
                "next_hop_in_ip_address": "",
                "next_hop_type": "Internet"
              },
              {
                "address_prefix": "Storage",
                "name": "Microsoft.Sql-managedInstances_UseOnly_mi-Storage",
                "next_hop_in_ip_address": "",
                "next_hop_type": "Internet"
              },
              {
                "address_prefix": "Storage.northeurope",
                "name": "Microsoft.Sql-managedInstances_UseOnly_mi-Storage.northeurope",
                "next_hop_in_ip_address": "",
                "next_hop_type": "Internet"
              },
              {
                "address_prefix": "Storage.westeurope",
                "name": "Microsoft.Sql-managedInstances_UseOnly_mi-Storage.westeurope",
                "next_hop_in_ip_address": "",
                "next_hop_type": "Internet"
              }
            ],
            "subnets": [
              "/subscriptions/c13f7055-4dae-433c-8117-264e49fb80f5/resourceGroups/MK_RG/providers/Microsoft.Network/virtualNetworks/MK_vnet/subnets/MKBESubnet"
            ],
            "tags": {},
            "timeouts": null
          },
          "sensitive_attributes": [],
          "private": "eyJlMmJmYjczMC1lY2FhLTExZTYtOGY4OC0zNDM2M2JjN2M0YzAiOnsiY3JlYXRlIjoxODAwMDAwMDAwMDAwLCJkZWxldGUiOjE4MDAwMDAwMDAwMDAsInJlYWQiOjMwMDAwMDAwMDAwMCwidXBkYXRlIjoxODAwMDAwMDAwMDAwfX0=",
          "dependencies": [
            "module.resourcegroup.azurerm_resource_group.rg"
          ]
        }
      ]
    },
    {
      "module": "module.routetable",
      "mode": "managed",
      "type": "azurerm_subnet_route_table_association",
      "name": "example",
      "provider": "provider[\"registry.terraform.io/hashicorp/azurerm\"]",
      "instances": [
        {
          "schema_version": 0,
          "attributes": {
            "id": "/subscriptions/c13f7055-4dae-433c-8117-264e49fb80f5/resourceGroups/MK_RG/providers/Microsoft.Network/virtualNetworks/MK_vnet/subnets/MKBESubnet",
            "route_table_id": "/subscriptions/c13f7055-4dae-433c-8117-264e49fb80f5/resourceGroups/MK_RG/providers/Microsoft.Network/routeTables/mkrt",
            "subnet_id": "/subscriptions/c13f7055-4dae-433c-8117-264e49fb80f5/resourceGroups/MK_RG/providers/Microsoft.Network/virtualNetworks/MK_vnet/subnets/MKBESubnet",
            "timeouts": null
          },
          "sensitive_attributes": [],
          "private": "eyJlMmJmYjczMC1lY2FhLTExZTYtOGY4OC0zNDM2M2JjN2M0YzAiOnsiY3JlYXRlIjoxODAwMDAwMDAwMDAwLCJkZWxldGUiOjE4MDAwMDAwMDAwMDAsInJlYWQiOjMwMDAwMDAwMDAwMCwidXBkYXRlIjoxODAwMDAwMDAwMDAwfX0=",
          "dependencies": [
            "module.resourcegroup.azurerm_resource_group.rg",
            "module.routetable.azurerm_route_table.mkrt",
            "module.subnet.azurerm_subnet.mkbesubnet",
            "module.vnet.azurerm_virtual_network.vnet"
          ]
        }
      ]
    },
    {
      "module": "module.subnet",
      "mode": "managed",
      "type": "azurerm_subnet",
      "name": "mkbesubnet",
      "provider": "provider[\"registry.terraform.io/hashicorp/azurerm\"]",
      "instances": [
        {
          "schema_version": 0,
          "attributes": {
            "address_prefixes": [
              "10.31.1.0/24"
            ],
            "delegation": [
              {
                "name": "managedinstancedelegation",
                "service_delegation": [
                  {
                    "actions": [
                      "Microsoft.Network/virtualNetworks/subnets/join/action",
                      "Microsoft.Network/virtualNetworks/subnets/prepareNetworkPolicies/action",
                      "Microsoft.Network/virtualNetworks/subnets/unprepareNetworkPolicies/action"
                    ],
                    "name": "Microsoft.Sql/managedInstances"
                  }
                ]
              }
            ],
            "enforce_private_link_endpoint_network_policies": false,
            "enforce_private_link_service_network_policies": false,
            "id": "/subscriptions/c13f7055-4dae-433c-8117-264e49fb80f5/resourceGroups/MK_RG/providers/Microsoft.Network/virtualNetworks/MK_vnet/subnets/MKBESubnet",
            "name": "MKBESubnet",
            "private_endpoint_network_policies_enabled": true,
            "private_link_service_network_policies_enabled": true,
            "resource_group_name": "MK_RG",
            "service_endpoint_policy_ids": [],
            "service_endpoints": [],
            "timeouts": null,
            "virtual_network_name": "MK_vnet"
          },
          "sensitive_attributes": [],
          "private": "eyJlMmJmYjczMC1lY2FhLTExZTYtOGY4OC0zNDM2M2JjN2M0YzAiOnsiY3JlYXRlIjoxODAwMDAwMDAwMDAwLCJkZWxldGUiOjE4MDAwMDAwMDAwMDAsInJlYWQiOjMwMDAwMDAwMDAwMCwidXBkYXRlIjoxODAwMDAwMDAwMDAwfX0=",
          "dependencies": [
            "module.resourcegroup.azurerm_resource_group.rg",
            "module.vnet.azurerm_virtual_network.vnet"
          ]
        }
      ]
    },
    {
      "module": "module.subnet",
      "mode": "managed",
      "type": "azurerm_subnet_network_security_group_association",
      "name": "subnet_nsg",
      "provider": "provider[\"registry.terraform.io/hashicorp/azurerm\"]",
      "instances": [
        {
          "schema_version": 0,
          "attributes": {
            "id": "/subscriptions/c13f7055-4dae-433c-8117-264e49fb80f5/resourceGroups/MK_RG/providers/Microsoft.Network/virtualNetworks/MK_vnet/subnets/MKBESubnet",
            "network_security_group_id": "/subscriptions/c13f7055-4dae-433c-8117-264e49fb80f5/resourceGroups/MK_RG/providers/Microsoft.Network/networkSecurityGroups/mk_nsg",
            "subnet_id": "/subscriptions/c13f7055-4dae-433c-8117-264e49fb80f5/resourceGroups/MK_RG/providers/Microsoft.Network/virtualNetworks/MK_vnet/subnets/MKBESubnet",
            "timeouts": null
          },
          "sensitive_attributes": [],
          "private": "eyJlMmJmYjczMC1lY2FhLTExZTYtOGY4OC0zNDM2M2JjN2M0YzAiOnsiY3JlYXRlIjoxODAwMDAwMDAwMDAwLCJkZWxldGUiOjE4MDAwMDAwMDAwMDAsInJlYWQiOjMwMDAwMDAwMDAwMCwidXBkYXRlIjoxODAwMDAwMDAwMDAwfX0=",
          "dependencies": [
            "module.NetworkSecurityGroup.azurerm_network_security_group.nsg",
            "module.resourcegroup.azurerm_resource_group.rg",
            "module.subnet.azurerm_subnet.mkbesubnet",
            "module.vnet.azurerm_virtual_network.vnet"
          ]
        }
      ]
    },
    {
      "module": "module.vnet",
      "mode": "managed",
      "type": "azurerm_virtual_network",
      "name": "vnet",
      "provider": "provider[\"registry.terraform.io/hashicorp/azurerm\"]",
      "instances": [
        {
          "schema_version": 0,
          "attributes": {
            "address_space": [
              "10.31.0.0/16"
            ],
            "bgp_community": "",
            "ddos_protection_plan": [],
            "dns_servers": [],
            "edge_zone": "",
            "flow_timeout_in_minutes": 0,
            "guid": "875813d4-446a-4b14-b8d9-d916bc2045e4",
            "id": "/subscriptions/c13f7055-4dae-433c-8117-264e49fb80f5/resourceGroups/MK_RG/providers/Microsoft.Network/virtualNetworks/MK_vnet",
            "location": "westeurope",
            "name": "MK_vnet",
            "resource_group_name": "MK_RG",
            "subnet": [
              {
                "address_prefix": "10.31.1.0/24",
                "id": "/subscriptions/c13f7055-4dae-433c-8117-264e49fb80f5/resourceGroups/MK_RG/providers/Microsoft.Network/virtualNetworks/MK_vnet/subnets/MKBESubnet",
                "name": "MKBESubnet",
                "security_group": "/subscriptions/c13f7055-4dae-433c-8117-264e49fb80f5/resourceGroups/MK_RG/providers/Microsoft.Network/networkSecurityGroups/mk_nsg"
              }
            ],
            "tags": {
              "deployed_by": "terraform",
              "environment": "poc"
            },
            "timeouts": null
          },
          "sensitive_attributes": [],
          "private": "eyJlMmJmYjczMC1lY2FhLTExZTYtOGY4OC0zNDM2M2JjN2M0YzAiOnsiY3JlYXRlIjoxODAwMDAwMDAwMDAwLCJkZWxldGUiOjE4MDAwMDAwMDAwMDAsInJlYWQiOjMwMDAwMDAwMDAwMCwidXBkYXRlIjoxODAwMDAwMDAwMDAwfX0=",
          "dependencies": [
            "module.resourcegroup.azurerm_resource_group.rg"
          ]
        }
      ]
    }
  ]
}
